
Microsoft Visual Studio Solution File, Format Version 12.00
# Visual Studio Version 17
VisualStudioVersion = 17.14.36518.9 d17.14
MinimumVisualStudioVersion = 10.0.40219.1
Project("{FAE04EC0-301F-11D3-BF4B-00C04F79EFBC}") = "eSignUpEBSAPI", "eSignUpEBSAPI\eSignUpEBSAPI.csproj", "{075C2096-2C0F-4CBF-8B63-A732B9A90BAA}"
EndProject
Global
	GlobalSection(SolutionConfigurationPlatforms) = preSolution
		Debug|Any CPU = Debug|Any CPU
		Release|Any CPU = Release|Any CPU
	EndGlobalSection
	GlobalSection(ProjectConfigurationPlatforms) = postSolution
		{075C2096-2C0F-4CBF-8B63-A732B9A90BAA}.Debug|Any CPU.ActiveCfg = Debug|Any CPU
		{075C2096-2C0F-4CBF-8B63-A732B9A90BAA}.Debug|Any CPU.Build.0 = Debug|Any CPU
		{075C2096-2C0F-4CBF-8B63-A732B9A90BAA}.Release|Any CPU.ActiveCfg = Release|Any CPU
		{075C2096-2C0F-4CBF-8B63-A732B9A90BAA}.Release|Any CPU.Build.0 = Release|Any CPU
	EndGlobalSection
	GlobalSection(SolutionProperties) = preSolution
		HideSolutionNode = FALSE
	EndGlobalSection
	GlobalSection(ExtensibilityGlobals) = postSolution
		SolutionGuid = {2F6C308A-0B96-4054-8568-AC60756DE187}
	EndGlobalSection
EndGlobal
